# This file is automatically @generated by Cargo.
# It is not intended for manual editing.
version = 3

[[package]]
name = "ist-parser"
version = "0.0.0"

[[package]]
name = "ist-runtime"
version = "0.0.0"
dependencies = [
 "ist-parser",
]

[[package]]
name = "sim"
version = "0.0.0"
dependencies = [
 "ist-parser",
 "ist-runtime",
]
